// !$*UTF8*$!
{
	archiveVersion = 1;
	classes = {
	};
	objectVersion = 48;
	objects = {

/* Begin PBXBuildFile section */
		3A1838C51F657FBF00BA4C90 /* MessageService.swift in Sources */ = {isa = PBXBuildFile; fileRef = 3A1838C41F657FBF00BA4C90 /* MessageService.swift */; };
		3A1838C71F657FF200BA4C90 /* Channel.swift in Sources */ = {isa = PBXBuildFile; fileRef = 3A1838C61F657FF200BA4C90 /* Channel.swift */; };
		3A1CD08A1F54A09F00A67201 /* GradientView.swift in Sources */ = {isa = PBXBuildFile; fileRef = 3A1CD0891F54A09F00A67201 /* GradientView.swift */; };
		3A3508DC1F5AE4B800485490 /* AvatarPickerViewController.swift in Sources */ = {isa = PBXBuildFile; fileRef = 3A3508DB1F5AE4B800485490 /* AvatarPickerViewController.swift */; };
		3A3508DE1F5AE6BF00485490 /* AvatarCell.swift in Sources */ = {isa = PBXBuildFile; fileRef = 3A3508DD1F5AE6BF00485490 /* AvatarCell.swift */; };
		3A5BEB6B1F59FC8D002F96EF /* UserDataService.swift in Sources */ = {isa = PBXBuildFile; fileRef = 3A5BEB6A1F59FC8D002F96EF /* UserDataService.swift */; };
		3A79213B1F5883210046A0DB /* AuthService.swift in Sources */ = {isa = PBXBuildFile; fileRef = 3A79213A1F5883210046A0DB /* AuthService.swift */; };
		3A79213D1F588CDE0046A0DB /* RoundedEdgesButton.swift in Sources */ = {isa = PBXBuildFile; fileRef = 3A79213C1F588CDE0046A0DB /* RoundedEdgesButton.swift */; };
		3A9C6EEC1F5C81B7000CC858 /* CircleImage.swift in Sources */ = {isa = PBXBuildFile; fileRef = 3A9C6EEB1F5C81B7000CC858 /* CircleImage.swift */; };
		3AA140361F54800B00385BA5 /* ChatViewController.swift in Sources */ = {isa = PBXBuildFile; fileRef = 3AA140351F54800B00385BA5 /* ChatViewController.swift */; };
		3AA140381F54801C00385BA5 /* ChannelViewController.swift in Sources */ = {isa = PBXBuildFile; fileRef = 3AA140371F54801C00385BA5 /* ChannelViewController.swift */; };
		3AA1403E1F5483D200385BA5 /* SWRevealViewController.m in Sources */ = {isa = PBXBuildFile; fileRef = 3AA1403D1F54835000385BA5 /* SWRevealViewController.m */; };
		3ACC4A711F54A9B000446D76 /* Constants.swift in Sources */ = {isa = PBXBuildFile; fileRef = 3ACC4A701F54A9B000446D76 /* Constants.swift */; };
		3ACC4A731F54AE5500446D76 /* LoginViewController.swift in Sources */ = {isa = PBXBuildFile; fileRef = 3ACC4A721F54AE5500446D76 /* LoginViewController.swift */; };
		3ACCD7091F5353BC00051764 /* AppDelegate.swift in Sources */ = {isa = PBXBuildFile; fileRef = 3ACCD7081F5353BC00051764 /* AppDelegate.swift */; };
		3ACCD70E1F5353BC00051764 /* Main.storyboard in Resources */ = {isa = PBXBuildFile; fileRef = 3ACCD70C1F5353BC00051764 /* Main.storyboard */; };
		3ACCD7101F5353BC00051764 /* Assets.xcassets in Resources */ = {isa = PBXBuildFile; fileRef = 3ACCD70F1F5353BC00051764 /* Assets.xcassets */; };
		3ACCD7131F5353BC00051764 /* LaunchScreen.storyboard in Resources */ = {isa = PBXBuildFile; fileRef = 3ACCD7111F5353BC00051764 /* LaunchScreen.storyboard */; };
		3ACE293C1F57231000F58D97 /* CreateAccountViewController.swift in Sources */ = {isa = PBXBuildFile; fileRef = 3ACE293B1F57231000F58D97 /* CreateAccountViewController.swift */; };
		3ADB4DB51F63FB9B00098A63 /* ProfileViewController.swift in Sources */ = {isa = PBXBuildFile; fileRef = 3ADB4DB31F63FB9B00098A63 /* ProfileViewController.swift */; };
		3ADB4DB61F63FB9B00098A63 /* ProfileViewController.xib in Resources */ = {isa = PBXBuildFile; fileRef = 3ADB4DB41F63FB9B00098A63 /* ProfileViewController.xib */; };
		6FCA005D0B1EE0614EAE3748 /* Pods_Smack.framework in Frameworks */ = {isa = PBXBuildFile; fileRef = 34A8C42C8EB72C4147790D89 /* Pods_Smack.framework */; };
/* End PBXBuildFile section */

/* Begin PBXFileReference section */
		34A8C42C8EB72C4147790D89 /* Pods_Smack.framework */ = {isa = PBXFileReference; explicitFileType = wrapper.framework; includeInIndex = 0; path = Pods_Smack.framework; sourceTree = BUILT_PRODUCTS_DIR; };
		3A1838C41F657FBF00BA4C90 /* MessageService.swift */ = {isa = PBXFileReference; lastKnownFileType = sourcecode.swift; path = MessageService.swift; sourceTree = "<group>"; };
		3A1838C61F657FF200BA4C90 /* Channel.swift */ = {isa = PBXFileReference; lastKnownFileType = sourcecode.swift; path = Channel.swift; sourceTree = "<group>"; };
		3A1CD0891F54A09F00A67201 /* GradientView.swift */ = {isa = PBXFileReference; lastKnownFileType = sourcecode.swift; path = GradientView.swift; sourceTree = "<group>"; };
		3A3508DB1F5AE4B800485490 /* AvatarPickerViewController.swift */ = {isa = PBXFileReference; lastKnownFileType = sourcecode.swift; path = AvatarPickerViewController.swift; sourceTree = "<group>"; };
		3A3508DD1F5AE6BF00485490 /* AvatarCell.swift */ = {isa = PBXFileReference; lastKnownFileType = sourcecode.swift; path = AvatarCell.swift; sourceTree = "<group>"; };
		3A5BEB6A1F59FC8D002F96EF /* UserDataService.swift */ = {isa = PBXFileReference; lastKnownFileType = sourcecode.swift; path = UserDataService.swift; sourceTree = "<group>"; };
		3A79213A1F5883210046A0DB /* AuthService.swift */ = {isa = PBXFileReference; lastKnownFileType = sourcecode.swift; path = AuthService.swift; sourceTree = "<group>"; };
		3A79213C1F588CDE0046A0DB /* RoundedEdgesButton.swift */ = {isa = PBXFileReference; lastKnownFileType = sourcecode.swift; path = RoundedEdgesButton.swift; sourceTree = "<group>"; };
		3A9C6EEB1F5C81B7000CC858 /* CircleImage.swift */ = {isa = PBXFileReference; lastKnownFileType = sourcecode.swift; path = CircleImage.swift; sourceTree = "<group>"; };
		3AA140351F54800B00385BA5 /* ChatViewController.swift */ = {isa = PBXFileReference; lastKnownFileType = sourcecode.swift; path = ChatViewController.swift; sourceTree = "<group>"; };
		3AA140371F54801C00385BA5 /* ChannelViewController.swift */ = {isa = PBXFileReference; lastKnownFileType = sourcecode.swift; path = ChannelViewController.swift; sourceTree = "<group>"; };
		3AA1403B1F54834F00385BA5 /* Smack-Bridging-Header.h */ = {isa = PBXFileReference; lastKnownFileType = sourcecode.c.h; path = "Smack-Bridging-Header.h"; sourceTree = "<group>"; };
		3AA1403C1F54835000385BA5 /* SWRevealViewController.h */ = {isa = PBXFileReference; lastKnownFileType = sourcecode.c.h; path = SWRevealViewController.h; sourceTree = "<group>"; };
		3AA1403D1F54835000385BA5 /* SWRevealViewController.m */ = {isa = PBXFileReference; lastKnownFileType = sourcecode.c.objc; path = SWRevealViewController.m; sourceTree = "<group>"; };
		3ACC4A701F54A9B000446D76 /* Constants.swift */ = {isa = PBXFileReference; lastKnownFileType = sourcecode.swift; path = Constants.swift; sourceTree = "<group>"; };
		3ACC4A721F54AE5500446D76 /* LoginViewController.swift */ = {isa = PBXFileReference; lastKnownFileType = sourcecode.swift; path = LoginViewController.swift; sourceTree = "<group>"; };
		3ACCD7051F5353BC00051764 /* Smack.app */ = {isa = PBXFileReference; explicitFileType = wrapper.application; includeInIndex = 0; path = Smack.app; sourceTree = BUILT_PRODUCTS_DIR; };
		3ACCD7081F5353BC00051764 /* AppDelegate.swift */ = {isa = PBXFileReference; lastKnownFileType = sourcecode.swift; path = AppDelegate.swift; sourceTree = "<group>"; };
		3ACCD70D1F5353BC00051764 /* Base */ = {isa = PBXFileReference; lastKnownFileType = file.storyboard; name = Base; path = Base.lproj/Main.storyboard; sourceTree = "<group>"; };
		3ACCD70F1F5353BC00051764 /* Assets.xcassets */ = {isa = PBXFileReference; lastKnownFileType = folder.assetcatalog; path = Assets.xcassets; sourceTree = "<group>"; };
		3ACCD7121F5353BC00051764 /* Base */ = {isa = PBXFileReference; lastKnownFileType = file.storyboard; name = Base; path = Base.lproj/LaunchScreen.storyboard; sourceTree = "<group>"; };
		3ACCD7141F5353BC00051764 /* Info.plist */ = {isa = PBXFileReference; lastKnownFileType = text.plist.xml; path = Info.plist; sourceTree = "<group>"; };
		3ACE293B1F57231000F58D97 /* CreateAccountViewController.swift */ = {isa = PBXFileReference; lastKnownFileType = sourcecode.swift; path = CreateAccountViewController.swift; sourceTree = "<group>"; };
		3ADB4DB31F63FB9B00098A63 /* ProfileViewController.swift */ = {isa = PBXFileReference; lastKnownFileType = sourcecode.swift; path = ProfileViewController.swift; sourceTree = "<group>"; };
		3ADB4DB41F63FB9B00098A63 /* ProfileViewController.xib */ = {isa = PBXFileReference; lastKnownFileType = file.xib; path = ProfileViewController.xib; sourceTree = "<group>"; };
		43AB4E99C874C2B1FD373DA4 /* Pods-Smack.release.xcconfig */ = {isa = PBXFileReference; includeInIndex = 1; lastKnownFileType = text.xcconfig; name = "Pods-Smack.release.xcconfig"; path = "Pods/Target Support Files/Pods-Smack/Pods-Smack.release.xcconfig"; sourceTree = "<group>"; };
		6125F8462777F05559D9C25C /* Pods-Smack.debug.xcconfig */ = {isa = PBXFileReference; includeInIndex = 1; lastKnownFileType = text.xcconfig; name = "Pods-Smack.debug.xcconfig"; path = "Pods/Target Support Files/Pods-Smack/Pods-Smack.debug.xcconfig"; sourceTree = "<group>"; };
/* End PBXFileReference section */

/* Begin PBXFrameworksBuildPhase section */
		3ACCD7021F5353BC00051764 /* Frameworks */ = {
			isa = PBXFrameworksBuildPhase;
			buildActionMask = 2147483647;
			files = (
				6FCA005D0B1EE0614EAE3748 /* Pods_Smack.framework in Frameworks */,
			);
			runOnlyForDeploymentPostprocessing = 0;
		};
/* End PBXFrameworksBuildPhase section */

/* Begin PBXGroup section */
		2F6F71FCB960AE585A2A4EC0 /* Frameworks */ = {
			isa = PBXGroup;
			children = (
				34A8C42C8EB72C4147790D89 /* Pods_Smack.framework */,
			);
			name = Frameworks;
			sourceTree = "<group>";
		};
		3A7921391F5883090046A0DB /* Services */ = {
			isa = PBXGroup;
			children = (
				3A79213A1F5883210046A0DB /* AuthService.swift */,
				3A5BEB6A1F59FC8D002F96EF /* UserDataService.swift */,
				3A1838C41F657FBF00BA4C90 /* MessageService.swift */,
			);
			path = Services;
			sourceTree = "<group>";
		};
		3AA140321F547FCE00385BA5 /* Controller */ = {
			isa = PBXGroup;
			children = (
				3AA140351F54800B00385BA5 /* ChatViewController.swift */,
				3AA140371F54801C00385BA5 /* ChannelViewController.swift */,
				3ACC4A721F54AE5500446D76 /* LoginViewController.swift */,
				3ACE293B1F57231000F58D97 /* CreateAccountViewController.swift */,
				3A3508DB1F5AE4B800485490 /* AvatarPickerViewController.swift */,
				3ADB4DB31F63FB9B00098A63 /* ProfileViewController.swift */,
			);
			path = Controller;
			sourceTree = "<group>";
		};
		3AA140331F547FDB00385BA5 /* Model */ = {
			isa = PBXGroup;
			children = (
				3A1838C61F657FF200BA4C90 /* Channel.swift */,
			);
			path = Model;
			sourceTree = "<group>";
		};
		3AA140341F547FDF00385BA5 /* View */ = {
			isa = PBXGroup;
			children = (
				3A1CD0891F54A09F00A67201 /* GradientView.swift */,
				3A79213C1F588CDE0046A0DB /* RoundedEdgesButton.swift */,
				3A3508DD1F5AE6BF00485490 /* AvatarCell.swift */,
				3A9C6EEB1F5C81B7000CC858 /* CircleImage.swift */,
			);
			path = View;
			sourceTree = "<group>";
		};
		3ACC4A6F1F54A99600446D76 /* Utilities */ = {
			isa = PBXGroup;
			children = (
				3ACC4A701F54A9B000446D76 /* Constants.swift */,
			);
			path = Utilities;
			sourceTree = "<group>";
		};
		3ACCD6FC1F5353BB00051764 = {
			isa = PBXGroup;
			children = (
				3ACCD7071F5353BC00051764 /* Smack */,
				3ACCD7061F5353BC00051764 /* Products */,
				670D72B0CD26727DBE3B5D75 /* Pods */,
				2F6F71FCB960AE585A2A4EC0 /* Frameworks */,
			);
			sourceTree = "<group>";
		};
		3ACCD7061F5353BC00051764 /* Products */ = {
			isa = PBXGroup;
			children = (
				3ACCD7051F5353BC00051764 /* Smack.app */,
			);
			name = Products;
			sourceTree = "<group>";
		};
		3ACCD7071F5353BC00051764 /* Smack */ = {
			isa = PBXGroup;
			children = (
				3ADB4DB71F63FBBA00098A63 /* XIBs */,
				3A7921391F5883090046A0DB /* Services */,
				3ACC4A6F1F54A99600446D76 /* Utilities */,
				3AA140331F547FDB00385BA5 /* Model */,
				3AA140341F547FDF00385BA5 /* View */,
				3AA140321F547FCE00385BA5 /* Controller */,
				3AE5B50F1F535D2500C2A301 /* Supporting Files */,
				3ACCD7081F5353BC00051764 /* AppDelegate.swift */,
				3ACCD70C1F5353BC00051764 /* Main.storyboard */,
				3ACCD70F1F5353BC00051764 /* Assets.xcassets */,
				3ACCD7111F5353BC00051764 /* LaunchScreen.storyboard */,
				3ACCD7141F5353BC00051764 /* Info.plist */,
			);
			path = Smack;
			sourceTree = "<group>";
		};
		3ADB4DB71F63FBBA00098A63 /* XIBs */ = {
			isa = PBXGroup;
			children = (
				3ADB4DB41F63FB9B00098A63 /* ProfileViewController.xib */,
			);
			path = XIBs;
			sourceTree = "<group>";
		};
		3AE5B50F1F535D2500C2A301 /* Supporting Files */ = {
			isa = PBXGroup;
			children = (
				3AA1403C1F54835000385BA5 /* SWRevealViewController.h */,
				3AA1403D1F54835000385BA5 /* SWRevealViewController.m */,
				3AA1403B1F54834F00385BA5 /* Smack-Bridging-Header.h */,
			);
			path = "Supporting Files";
			sourceTree = "<group>";
		};
		670D72B0CD26727DBE3B5D75 /* Pods */ = {
			isa = PBXGroup;
			children = (
				6125F8462777F05559D9C25C /* Pods-Smack.debug.xcconfig */,
				43AB4E99C874C2B1FD373DA4 /* Pods-Smack.release.xcconfig */,
			);
			name = Pods;
			sourceTree = "<group>";
		};
/* End PBXGroup section */

/* Begin PBXNativeTarget section */
		3ACCD7041F5353BC00051764 /* Smack */ = {
			isa = PBXNativeTarget;
			buildConfigurationList = 3ACCD7171F5353BC00051764 /* Build configuration list for PBXNativeTarget "Smack" */;
			buildPhases = (
				362F17938DF36FA206644B46 /* [CP] Check Pods Manifest.lock */,
				3ACCD7011F5353BC00051764 /* Sources */,
				3ACCD7021F5353BC00051764 /* Frameworks */,
				3ACCD7031F5353BC00051764 /* Resources */,
				DAF6AE03640AB1461EE56BCE /* [CP] Embed Pods Frameworks */,
				A3D839CEC921285151A56199 /* [CP] Copy Pods Resources */,
			);
			buildRules = (
			);
			dependencies = (
			);
			name = Smack;
			productName = Smack;
			productReference = 3ACCD7051F5353BC00051764 /* Smack.app */;
			productType = "com.apple.product-type.application";
		};
/* End PBXNativeTarget section */

/* Begin PBXProject section */
		3ACCD6FD1F5353BB00051764 /* Project object */ = {
			isa = PBXProject;
			attributes = {
				LastSwiftUpdateCheck = 0900;
				LastUpgradeCheck = 0900;
				ORGANIZATIONNAME = "Adrian Horstmann";
				TargetAttributes = {
					3ACCD7041F5353BC00051764 = {
						CreatedOnToolsVersion = 9.0;
						LastSwiftMigration = 0900;
					};
				};
			};
			buildConfigurationList = 3ACCD7001F5353BB00051764 /* Build configuration list for PBXProject "Smack" */;
			compatibilityVersion = "Xcode 8.0";
			developmentRegion = en;
			hasScannedForEncodings = 0;
			knownRegions = (
				en,
				Base,
			);
			mainGroup = 3ACCD6FC1F5353BB00051764;
			productRefGroup = 3ACCD7061F5353BC00051764 /* Products */;
			projectDirPath = "";
			projectRoot = "";
			targets = (
				3ACCD7041F5353BC00051764 /* Smack */,
			);
		};
/* End PBXProject section */

/* Begin PBXResourcesBuildPhase section */
		3ACCD7031F5353BC00051764 /* Resources */ = {
			isa = PBXResourcesBuildPhase;
			buildActionMask = 2147483647;
			files = (
				3ACCD7131F5353BC00051764 /* LaunchScreen.storyboard in Resources */,
				3ACCD7101F5353BC00051764 /* Assets.xcassets in Resources */,
				3ADB4DB61F63FB9B00098A63 /* ProfileViewController.xib in Resources */,
				3ACCD70E1F5353BC00051764 /* Main.storyboard in Resources */,
			);
			runOnlyForDeploymentPostprocessing = 0;
		};
/* End PBXResourcesBuildPhase section */

/* Begin PBXShellScriptBuildPhase section */
		362F17938DF36FA206644B46 /* [CP] Check Pods Manifest.lock */ = {
			isa = PBXShellScriptBuildPhase;
			buildActionMask = 2147483647;
			files = (
			);
			inputPaths = (
			);
			name = "[CP] Check Pods Manifest.lock";
			outputPaths = (
			);
			runOnlyForDeploymentPostprocessing = 0;
			shellPath = /bin/sh;
			shellScript = "diff \"${PODS_ROOT}/../Podfile.lock\" \"${PODS_ROOT}/Manifest.lock\" > /dev/null\nif [ $? != 0 ] ; then\n    # print error to STDERR\n    echo \"error: The sandbox is not in sync with the Podfile.lock. Run 'pod install' or update your CocoaPods installation.\" >&2\n    exit 1\nfi\n";
			showEnvVarsInLog = 0;
		};
		A3D839CEC921285151A56199 /* [CP] Copy Pods Resources */ = {
			isa = PBXShellScriptBuildPhase;
			buildActionMask = 2147483647;
			files = (
			);
			inputPaths = (
			);
			name = "[CP] Copy Pods Resources";
			outputPaths = (
			);
			runOnlyForDeploymentPostprocessing = 0;
			shellPath = /bin/sh;
			shellScript = "\"${SRCROOT}/Pods/Target Support Files/Pods-Smack/Pods-Smack-resources.sh\"\n";
			showEnvVarsInLog = 0;
		};
		DAF6AE03640AB1461EE56BCE /* [CP] Embed Pods Frameworks */ = {
			isa = PBXShellScriptBuildPhase;
			buildActionMask = 2147483647;
			files = (
			);
			inputPaths = (
			);
			name = "[CP] Embed Pods Frameworks";
			outputPaths = (
			);
			runOnlyForDeploymentPostprocessing = 0;
			shellPath = /bin/sh;
			shellScript = "\"${SRCROOT}/Pods/Target Support Files/Pods-Smack/Pods-Smack-frameworks.sh\"\n";
			showEnvVarsInLog = 0;
		};
/* End PBXShellScriptBuildPhase section */

/* Begin PBXSourcesBuildPhase section */
		3ACCD7011F5353BC00051764 /* Sources */ = {
			isa = PBXSourcesBuildPhase;
			buildActionMask = 2147483647;
			files = (
				3ACC4A731F54AE5500446D76 /* LoginViewController.swift in Sources */,
				3AA140361F54800B00385BA5 /* ChatViewController.swift in Sources */,
				3AA140381F54801C00385BA5 /* ChannelViewController.swift in Sources */,
				3A9C6EEC1F5C81B7000CC858 /* CircleImage.swift in Sources */,
				3A1838C71F657FF200BA4C90 /* Channel.swift in Sources */,
				3A5BEB6B1F59FC8D002F96EF /* UserDataService.swift in Sources */,
				3A1838C51F657FBF00BA4C90 /* MessageService.swift in Sources */,
				3A79213B1F5883210046A0DB /* AuthService.swift in Sources */,
				3A1CD08A1F54A09F00A67201 /* GradientView.swift in Sources */,
				3A3508DC1F5AE4B800485490 /* AvatarPickerViewController.swift in Sources */,
				3ACE293C1F57231000F58D97 /* CreateAccountViewController.swift in Sources */,
				3ACCD7091F5353BC00051764 /* AppDelegate.swift in Sources */,
				3A3508DE1F5AE6BF00485490 /* AvatarCell.swift in Sources */,
				3AA1403E1F5483D200385BA5 /* SWRevealViewController.m in Sources */,
				3ADB4DB51F63FB9B00098A63 /* ProfileViewController.swift in Sources */,
				3A79213D1F588CDE0046A0DB /* RoundedEdgesButton.swift in Sources */,
				3ACC4A711F54A9B000446D76 /* Constants.swift in Sources */,
			);
			runOnlyForDeploymentPostprocessing = 0;
		};
/* End PBXSourcesBuildPhase section */

/* Begin PBXVariantGroup section */
		3ACCD70C1F5353BC00051764 /* Main.storyboard */ = {
			isa = PBXVariantGroup;
			children = (
				3ACCD70D1F5353BC00051764 /* Base */,
			);
			name = Main.storyboard;
			sourceTree = "<group>";
		};
		3ACCD7111F5353BC00051764 /* LaunchScreen.storyboard */ = {
			isa = PBXVariantGroup;
			children = (
				3ACCD7121F5353BC00051764 /* Base */,
			);
			name = LaunchScreen.storyboard;
			sourceTree = "<group>";
		};
/* End PBXVariantGroup section */

/* Begin XCBuildConfiguration section */
		3ACCD7151F5353BC00051764 /* Debug */ = {
			isa = XCBuildConfiguration;
			buildSettings = {
				ALWAYS_SEARCH_USER_PATHS = NO;
				CLANG_ANALYZER_NONNULL = YES;
				CLANG_ANALYZER_NUMBER_OBJECT_CONVERSION = YES_AGGRESSIVE;
				CLANG_CXX_LANGUAGE_STANDARD = "gnu++14";
				CLANG_CXX_LIBRARY = "libc++";
				CLANG_ENABLE_MODULES = YES;
				CLANG_ENABLE_OBJC_ARC = YES;
				CLANG_WARN_BLOCK_CAPTURE_AUTORELEASING = YES;
				CLANG_WARN_BOOL_CONVERSION = YES;
				CLANG_WARN_COMMA = YES;
				CLANG_WARN_CONSTANT_CONVERSION = YES;
				CLANG_WARN_DIRECT_OBJC_ISA_USAGE = YES_ERROR;
				CLANG_WARN_DOCUMENTATION_COMMENTS = YES;
				CLANG_WARN_EMPTY_BODY = YES;
				CLANG_WARN_ENUM_CONVERSION = YES;
				CLANG_WARN_INFINITE_RECURSION = YES;
				CLANG_WARN_INT_CONVERSION = YES;
				CLANG_WARN_NON_LITERAL_NULL_CONVERSION = YES;
				CLANG_WARN_OBJC_LITERAL_CONVERSION = YES;
				CLANG_WARN_OBJC_ROOT_CLASS = YES_ERROR;
				CLANG_WARN_RANGE_LOOP_ANALYSIS = YES;
				CLANG_WARN_STRICT_PROTOTYPES = YES;
				CLANG_WARN_SUSPICIOUS_MOVE = YES;
				CLANG_WARN_UNGUARDED_AVAILABILITY = YES_AGGRESSIVE;
				CLANG_WARN_UNREACHABLE_CODE = YES;
				CLANG_WARN__DUPLICATE_METHOD_MATCH = YES;
				CODE_SIGN_IDENTITY = "iPhone Developer";
				COPY_PHASE_STRIP = NO;
				DEBUG_INFORMATION_FORMAT = dwarf;
				ENABLE_STRICT_OBJC_MSGSEND = YES;
				ENABLE_TESTABILITY = YES;
				GCC_C_LANGUAGE_STANDARD = gnu11;
				GCC_DYNAMIC_NO_PIC = NO;
				GCC_NO_COMMON_BLOCKS = YES;
				GCC_OPTIMIZATION_LEVEL = 0;
				GCC_PREPROCESSOR_DEFINITIONS = (
					"DEBUG=1",
					"$(inherited)",
				);
				GCC_WARN_64_TO_32_BIT_CONVERSION = YES;
				GCC_WARN_ABOUT_RETURN_TYPE = YES_ERROR;
				GCC_WARN_UNDECLARED_SELECTOR = YES;
				GCC_WARN_UNINITIALIZED_AUTOS = YES_AGGRESSIVE;
				GCC_WARN_UNUSED_FUNCTION = YES;
				GCC_WARN_UNUSED_VARIABLE = YES;
				IPHONEOS_DEPLOYMENT_TARGET = 11.0;
				MTL_ENABLE_DEBUG_INFO = YES;
				ONLY_ACTIVE_ARCH = YES;
				SDKROOT = iphoneos;
				SWIFT_ACTIVE_COMPILATION_CONDITIONS = DEBUG;
				SWIFT_OPTIMIZATION_LEVEL = "-Onone";
			};
			name = Debug;
		};
		3ACCD7161F5353BC00051764 /* Release */ = {
			isa = XCBuildConfiguration;
			buildSettings = {
				ALWAYS_SEARCH_USER_PATHS = NO;
				CLANG_ANALYZER_NONNULL = YES;
				CLANG_ANALYZER_NUMBER_OBJECT_CONVERSION = YES_AGGRESSIVE;
				CLANG_CXX_LANGUAGE_STANDARD = "gnu++14";
				CLANG_CXX_LIBRARY = "libc++";
				CLANG_ENABLE_MODULES = YES;
				CLANG_ENABLE_OBJC_ARC = YES;
				CLANG_WARN_BLOCK_CAPTURE_AUTORELEASING = YES;
				CLANG_WARN_BOOL_CONVERSION = YES;
				CLANG_WARN_COMMA = YES;
				CLANG_WARN_CONSTANT_CONVERSION = YES;
				CLANG_WARN_DIRECT_OBJC_ISA_USAGE = YES_ERROR;
				CLANG_WARN_DOCUMENTATION_COMMENTS = YES;
				CLANG_WARN_EMPTY_BODY = YES;
				CLANG_WARN_ENUM_CONVERSION = YES;
				CLANG_WARN_INFINITE_RECURSION = YES;
				CLANG_WARN_INT_CONVERSION = YES;
				CLANG_WARN_NON_LITERAL_NULL_CONVERSION = YES;
				CLANG_WARN_OBJC_LITERAL_CONVERSION = YES;
				CLANG_WARN_OBJC_ROOT_CLASS = YES_ERROR;
				CLANG_WARN_RANGE_LOOP_ANALYSIS = YES;
				CLANG_WARN_STRICT_PROTOTYPES = YES;
				CLANG_WARN_SUSPICIOUS_MOVE = YES;
				CLANG_WARN_UNGUARDED_AVAILABILITY = YES_AGGRESSIVE;
				CLANG_WARN_UNREACHABLE_CODE = YES;
				CLANG_WARN__DUPLICATE_METHOD_MATCH = YES;
				CODE_SIGN_IDENTITY = "iPhone Developer";
				COPY_PHASE_STRIP = NO;
				DEBUG_INFORMATION_FORMAT = "dwarf-with-dsym";
				ENABLE_NS_ASSERTIONS = NO;
				ENABLE_STRICT_OBJC_MSGSEND = YES;
				GCC_C_LANGUAGE_STANDARD = gnu11;
				GCC_NO_COMMON_BLOCKS = YES;
				GCC_WARN_64_TO_32_BIT_CONVERSION = YES;
				GCC_WARN_ABOUT_RETURN_TYPE = YES_ERROR;
				GCC_WARN_UNDECLARED_SELECTOR = YES;
				GCC_WARN_UNINITIALIZED_AUTOS = YES_AGGRESSIVE;
				GCC_WARN_UNUSED_FUNCTION = YES;
				GCC_WARN_UNUSED_VARIABLE = YES;
				IPHONEOS_DEPLOYMENT_TARGET = 11.0;
				MTL_ENABLE_DEBUG_INFO = NO;
				SDKROOT = iphoneos;
				SWIFT_OPTIMIZATION_LEVEL = "-Owholemodule";
				VALIDATE_PRODUCT = YES;
			};
			name = Release;
		};
		3ACCD7181F5353BC00051764 /* Debug */ = {
			isa = XCBuildConfiguration;
			baseConfigurationReference = 6125F8462777F05559D9C25C /* Pods-Smack.debug.xcconfig */;
			buildSettings = {
				ASSETCATALOG_COMPILER_APPICON_NAME = AppIcon;
				CLANG_ENABLE_MODULES = YES;
				DEVELOPMENT_TEAM = TESDDF678B;
				INFOPLIST_FILE = Smack/Info.plist;
				LD_RUNPATH_SEARCH_PATHS = "$(inherited) @executable_path/Frameworks";
				PRODUCT_BUNDLE_IDENTIFIER = de.horstmann.Smack;
				PRODUCT_NAME = "$(TARGET_NAME)";
				SWIFT_OBJC_BRIDGING_HEADER = "Smack/Supporting Files/Smack-Bridging-Header.h";
				SWIFT_OPTIMIZATION_LEVEL = "-Onone";
				SWIFT_VERSION = 4.0;
				TARGETED_DEVICE_FAMILY = "1,2";
			};
			name = Debug;
		};
		3ACCD7191F5353BC00051764 /* Release */ = {
			isa = XCBuildConfiguration;
			baseConfigurationReference = 43AB4E99C874C2B1FD373DA4 /* Pods-Smack.release.xcconfig */;
			buildSettings = {
				ASSETCATALOG_COMPILER_APPICON_NAME = AppIcon;
				CLANG_ENABLE_MODULES = YES;
				DEVELOPMENT_TEAM = TESDDF678B;
				INFOPLIST_FILE = Smack/Info.plist;
				LD_RUNPATH_SEARCH_PATHS = "$(inherited) @executable_path/Frameworks";
				PRODUCT_BUNDLE_IDENTIFIER = de.horstmann.Smack;
				PRODUCT_NAME = "$(TARGET_NAME)";
				SWIFT_OBJC_BRIDGING_HEADER = "Smack/Supporting Files/Smack-Bridging-Header.h";
				SWIFT_VERSION = 4.0;
				TARGETED_DEVICE_FAMILY = "1,2";
			};
			name = Release;
		};
/* End XCBuildConfiguration section */

/* Begin XCConfigurationList section */
		3ACCD7001F5353BB00051764 /* Build configuration list for PBXProject "Smack" */ = {
			isa = XCConfigurationList;
			buildConfigurations = (
				3ACCD7151F5353BC00051764 /* Debug */,
				3ACCD7161F5353BC00051764 /* Release */,
			);
			defaultConfigurationIsVisible = 0;
			defaultConfigurationName = Release;
		};
		3ACCD7171F5353BC00051764 /* Build configuration list for PBXNativeTarget "Smack" */ = {
			isa = XCConfigurationList;
			buildConfigurations = (
				3ACCD7181F5353BC00051764 /* Debug */,
				3ACCD7191F5353BC00051764 /* Release */,
			);
			defaultConfigurationIsVisible = 0;
			defaultConfigurationName = Release;
		};
/* End XCConfigurationList section */
	};
	rootObject = 3ACCD6FD1F5353BB00051764 /* Project object */;
}
